{
  "pins" : [
    {
      "identity" : "cleannetwork",
      "kind" : "remoteSourceControl",
      "location" : "https://github.com/alperen23230/CleanNetwork",
      "state" : {
        "branch" : "main",
        "revision" : "e449c4a80af1d354555d57e7ee678a9e5874ef73"
      }
    }
  ],
  "version" : 2
}
