{
  "pins" : [
    {
      "identity" : "cleannetwork",
      "kind" : "remoteSourceControl",
      "location" : "https://github.com/alperen23230/CleanNetwork",
      "state" : {
        "branch" : "main",
        "revision" : "7cd619a664ce0c8077b8b3bf757c9f0ae59bedf5"
      }
    }
  ],
  "version" : 2
}
