{
  "pins" : [
    {
      "identity" : "cleannetwork",
      "kind" : "remoteSourceControl",
      "location" : "https://github.com/alperen23230/CleanNetwork",
      "state" : {
        "branch" : "main",
        "revision" : "ce1abc9e7186f984cf6006e0ad6c2d00b4b298fa"
      }
    }
  ],
  "version" : 2
}
