// !$*UTF8*$!
{
	archiveVersion = 1;
	classes = {
	};
	objectVersion = 55;
	objects = {

/* Begin PBXBuildFile section */
		8431B53D2854C560002056FC /* Post.swift in Sources */ = {isa = PBXBuildFile; fileRef = 8431B53C2854C560002056FC /* Post.swift */; };
		84462D9728539F7100A22ECD /* CleanNetwork in Frameworks */ = {isa = PBXBuildFile; productRef = 84462D9628539F7100A22ECD /* CleanNetwork */; };
		8450B590285482070018778F /* PostsViewController.swift in Sources */ = {isa = PBXBuildFile; fileRef = 8450B58F285482070018778F /* PostsViewController.swift */; };
		8450B593285483340018778F /* UITableView+Loading.swift in Sources */ = {isa = PBXBuildFile; fileRef = 8450B592285483340018778F /* UITableView+Loading.swift */; };
		8450B596285484B60018778F /* AlertingController.swift in Sources */ = {isa = PBXBuildFile; fileRef = 8450B595285484B60018778F /* AlertingController.swift */; };
		8450B5992854853E0018778F /* Closures.swift in Sources */ = {isa = PBXBuildFile; fileRef = 8450B5982854853E0018778F /* Closures.swift */; };
		845ABA702871A5ED00230200 /* CreatePostViewController.swift in Sources */ = {isa = PBXBuildFile; fileRef = 845ABA6F2871A5ED00230200 /* CreatePostViewController.swift */; };
		845ABA722871A81C00230200 /* CreatePostRequestBody.swift in Sources */ = {isa = PBXBuildFile; fileRef = 845ABA712871A81C00230200 /* CreatePostRequestBody.swift */; };
		845ABA742871A86C00230200 /* CreatePostRequest.swift in Sources */ = {isa = PBXBuildFile; fileRef = 845ABA732871A86C00230200 /* CreatePostRequest.swift */; };
		8460D0342854BFDC00E4C939 /* PostsRequest.swift in Sources */ = {isa = PBXBuildFile; fileRef = 8460D0332854BFDC00E4C939 /* PostsRequest.swift */; };
		8460D0392854C22300E4C939 /* PostTableViewCell.swift in Sources */ = {isa = PBXBuildFile; fileRef = 8460D0372854C22300E4C939 /* PostTableViewCell.swift */; };
		8460D03A2854C22300E4C939 /* PostTableViewCell.xib in Resources */ = {isa = PBXBuildFile; fileRef = 8460D0382854C22300E4C939 /* PostTableViewCell.xib */; };
		84A900382868D94500E3D6F1 /* APIError.swift in Sources */ = {isa = PBXBuildFile; fileRef = 84A900372868D94500E3D6F1 /* APIError.swift */; };
		84FA649028310BCA00F10993 /* AppDelegate.swift in Sources */ = {isa = PBXBuildFile; fileRef = 84FA648F28310BCA00F10993 /* AppDelegate.swift */; };
		84FA649428310BCA00F10993 /* MainViewController.swift in Sources */ = {isa = PBXBuildFile; fileRef = 84FA649328310BCA00F10993 /* MainViewController.swift */; };
		84FA649728310BCA00F10993 /* Main.storyboard in Resources */ = {isa = PBXBuildFile; fileRef = 84FA649528310BCA00F10993 /* Main.storyboard */; };
		84FA649928310BCA00F10993 /* Assets.xcassets in Resources */ = {isa = PBXBuildFile; fileRef = 84FA649828310BCA00F10993 /* Assets.xcassets */; };
		84FA649C28310BCA00F10993 /* LaunchScreen.storyboard in Resources */ = {isa = PBXBuildFile; fileRef = 84FA649A28310BCA00F10993 /* LaunchScreen.storyboard */; };
/* End PBXBuildFile section */

/* Begin PBXFileReference section */
		8431B53C2854C560002056FC /* Post.swift */ = {isa = PBXFileReference; lastKnownFileType = sourcecode.swift; path = Post.swift; sourceTree = "<group>"; };
		8450B58F285482070018778F /* PostsViewController.swift */ = {isa = PBXFileReference; lastKnownFileType = sourcecode.swift; path = PostsViewController.swift; sourceTree = "<group>"; };
		8450B592285483340018778F /* UITableView+Loading.swift */ = {isa = PBXFileReference; lastKnownFileType = sourcecode.swift; path = "UITableView+Loading.swift"; sourceTree = "<group>"; };
		8450B595285484B60018778F /* AlertingController.swift */ = {isa = PBXFileReference; lastKnownFileType = sourcecode.swift; path = AlertingController.swift; sourceTree = "<group>"; };
		8450B5982854853E0018778F /* Closures.swift */ = {isa = PBXFileReference; lastKnownFileType = sourcecode.swift; path = Closures.swift; sourceTree = "<group>"; };
		845ABA6F2871A5ED00230200 /* CreatePostViewController.swift */ = {isa = PBXFileReference; lastKnownFileType = sourcecode.swift; path = CreatePostViewController.swift; sourceTree = "<group>"; };
		845ABA712871A81C00230200 /* CreatePostRequestBody.swift */ = {isa = PBXFileReference; lastKnownFileType = sourcecode.swift; path = CreatePostRequestBody.swift; sourceTree = "<group>"; };
		845ABA732871A86C00230200 /* CreatePostRequest.swift */ = {isa = PBXFileReference; lastKnownFileType = sourcecode.swift; path = CreatePostRequest.swift; sourceTree = "<group>"; };
		8460D0332854BFDC00E4C939 /* PostsRequest.swift */ = {isa = PBXFileReference; lastKnownFileType = sourcecode.swift; path = PostsRequest.swift; sourceTree = "<group>"; };
		8460D0372854C22300E4C939 /* PostTableViewCell.swift */ = {isa = PBXFileReference; lastKnownFileType = sourcecode.swift; path = PostTableViewCell.swift; sourceTree = "<group>"; };
		8460D0382854C22300E4C939 /* PostTableViewCell.xib */ = {isa = PBXFileReference; lastKnownFileType = file.xib; path = PostTableViewCell.xib; sourceTree = "<group>"; };
		84A900372868D94500E3D6F1 /* APIError.swift */ = {isa = PBXFileReference; lastKnownFileType = sourcecode.swift; path = APIError.swift; sourceTree = "<group>"; };
		84FA648C28310BCA00F10993 /* CleanNetworkExample.app */ = {isa = PBXFileReference; explicitFileType = wrapper.application; includeInIndex = 0; path = CleanNetworkExample.app; sourceTree = BUILT_PRODUCTS_DIR; };
		84FA648F28310BCA00F10993 /* AppDelegate.swift */ = {isa = PBXFileReference; lastKnownFileType = sourcecode.swift; path = AppDelegate.swift; sourceTree = "<group>"; };
		84FA649328310BCA00F10993 /* MainViewController.swift */ = {isa = PBXFileReference; lastKnownFileType = sourcecode.swift; path = MainViewController.swift; sourceTree = "<group>"; };
		84FA649628310BCA00F10993 /* Base */ = {isa = PBXFileReference; lastKnownFileType = file.storyboard; name = Base; path = Base.lproj/Main.storyboard; sourceTree = "<group>"; };
		84FA649828310BCA00F10993 /* Assets.xcassets */ = {isa = PBXFileReference; lastKnownFileType = folder.assetcatalog; path = Assets.xcassets; sourceTree = "<group>"; };
		84FA649B28310BCA00F10993 /* Base */ = {isa = PBXFileReference; lastKnownFileType = file.storyboard; name = Base; path = Base.lproj/LaunchScreen.storyboard; sourceTree = "<group>"; };
		84FA649D28310BCA00F10993 /* Info.plist */ = {isa = PBXFileReference; lastKnownFileType = text.plist.xml; path = Info.plist; sourceTree = "<group>"; };
/* End PBXFileReference section */

/* Begin PBXFrameworksBuildPhase section */
		84FA648928310BCA00F10993 /* Frameworks */ = {
			isa = PBXFrameworksBuildPhase;
			buildActionMask = 2147483647;
			files = (
				84462D9728539F7100A22ECD /* CleanNetwork in Frameworks */,
			);
			runOnlyForDeploymentPostprocessing = 0;
		};
/* End PBXFrameworksBuildPhase section */

/* Begin PBXGroup section */
		8431B53B2854C553002056FC /* Entity */ = {
			isa = PBXGroup;
			children = (
				8431B53E2854C564002056FC /* Models */,
			);
			path = Entity;
			sourceTree = "<group>";
		};
		8431B53E2854C564002056FC /* Models */ = {
			isa = PBXGroup;
			children = (
				8431B53C2854C560002056FC /* Post.swift */,
				84A900372868D94500E3D6F1 /* APIError.swift */,
				845ABA712871A81C00230200 /* CreatePostRequestBody.swift */,
			);
			path = Models;
			sourceTree = "<group>";
		};
		8450B58E285481CF0018778F /* ViewControllers */ = {
			isa = PBXGroup;
			children = (
				84FA649328310BCA00F10993 /* MainViewController.swift */,
				8450B58F285482070018778F /* PostsViewController.swift */,
				845ABA6F2871A5ED00230200 /* CreatePostViewController.swift */,
			);
			path = ViewControllers;
			sourceTree = "<group>";
		};
		8450B591285483060018778F /* Extensions */ = {
			isa = PBXGroup;
			children = (
				8450B592285483340018778F /* UITableView+Loading.swift */,
			);
			path = Extensions;
			sourceTree = "<group>";
		};
		8450B594285484490018778F /* Protocols */ = {
			isa = PBXGroup;
			children = (
				8450B595285484B60018778F /* AlertingController.swift */,
			);
			path = Protocols;
			sourceTree = "<group>";
		};
		8450B597285485300018778F /* Constants */ = {
			isa = PBXGroup;
			children = (
				8450B5982854853E0018778F /* Closures.swift */,
			);
			path = Constants;
			sourceTree = "<group>";
		};
		8460D0312854BF8500E4C939 /* Networking */ = {
			isa = PBXGroup;
			children = (
				8460D0322854BF8C00E4C939 /* Requests */,
			);
			path = Networking;
			sourceTree = "<group>";
		};
		8460D0322854BF8C00E4C939 /* Requests */ = {
			isa = PBXGroup;
			children = (
				8460D0332854BFDC00E4C939 /* PostsRequest.swift */,
				845ABA732871A86C00230200 /* CreatePostRequest.swift */,
			);
			path = Requests;
			sourceTree = "<group>";
		};
		8460D0362854C1FF00E4C939 /* Cells */ = {
			isa = PBXGroup;
			children = (
				8460D03B2854C22800E4C939 /* PostCell */,
			);
			path = Cells;
			sourceTree = "<group>";
		};
		8460D03B2854C22800E4C939 /* PostCell */ = {
			isa = PBXGroup;
			children = (
				8460D0372854C22300E4C939 /* PostTableViewCell.swift */,
				8460D0382854C22300E4C939 /* PostTableViewCell.xib */,
			);
			path = PostCell;
			sourceTree = "<group>";
		};
		84FA648328310BCA00F10993 = {
			isa = PBXGroup;
			children = (
				84FA648E28310BCA00F10993 /* CleanNetworkExample */,
				84FA648D28310BCA00F10993 /* Products */,
			);
			sourceTree = "<group>";
		};
		84FA648D28310BCA00F10993 /* Products */ = {
			isa = PBXGroup;
			children = (
				84FA648C28310BCA00F10993 /* CleanNetworkExample.app */,
			);
			name = Products;
			sourceTree = "<group>";
		};
		84FA648E28310BCA00F10993 /* CleanNetworkExample */ = {
			isa = PBXGroup;
			children = (
				8431B53B2854C553002056FC /* Entity */,
				8460D0362854C1FF00E4C939 /* Cells */,
				8460D0312854BF8500E4C939 /* Networking */,
				8450B597285485300018778F /* Constants */,
				8450B594285484490018778F /* Protocols */,
				8450B591285483060018778F /* Extensions */,
				8450B58E285481CF0018778F /* ViewControllers */,
				84FA648F28310BCA00F10993 /* AppDelegate.swift */,
				84FA649528310BCA00F10993 /* Main.storyboard */,
				84FA649828310BCA00F10993 /* Assets.xcassets */,
				84FA649A28310BCA00F10993 /* LaunchScreen.storyboard */,
				84FA649D28310BCA00F10993 /* Info.plist */,
			);
			path = CleanNetworkExample;
			sourceTree = "<group>";
		};
/* End PBXGroup section */

/* Begin PBXNativeTarget section */
		84FA648B28310BCA00F10993 /* CleanNetworkExample */ = {
			isa = PBXNativeTarget;
			buildConfigurationList = 84FA64A028310BCA00F10993 /* Build configuration list for PBXNativeTarget "CleanNetworkExample" */;
			buildPhases = (
				84FA648828310BCA00F10993 /* Sources */,
				84FA648928310BCA00F10993 /* Frameworks */,
				84FA648A28310BCA00F10993 /* Resources */,
			);
			buildRules = (
			);
			dependencies = (
			);
			name = CleanNetworkExample;
			packageProductDependencies = (
				84462D9628539F7100A22ECD /* CleanNetwork */,
			);
			productName = CleanNetworkExample;
			productReference = 84FA648C28310BCA00F10993 /* CleanNetworkExample.app */;
			productType = "com.apple.product-type.application";
		};
/* End PBXNativeTarget section */

/* Begin PBXProject section */
		84FA648428310BCA00F10993 /* Project object */ = {
			isa = PBXProject;
			attributes = {
				BuildIndependentTargetsInParallel = 1;
				LastSwiftUpdateCheck = 1330;
				LastUpgradeCheck = 1330;
				TargetAttributes = {
					84FA648B28310BCA00F10993 = {
						CreatedOnToolsVersion = 13.3.1;
					};
				};
			};
			buildConfigurationList = 84FA648728310BCA00F10993 /* Build configuration list for PBXProject "CleanNetworkExample" */;
			compatibilityVersion = "Xcode 13.0";
			developmentRegion = en;
			hasScannedForEncodings = 0;
			knownRegions = (
				en,
				Base,
			);
			mainGroup = 84FA648328310BCA00F10993;
			packageReferences = (
				84462D9528539F7100A22ECD /* XCRemoteSwiftPackageReference "CleanNetwork" */,
			);
			productRefGroup = 84FA648D28310BCA00F10993 /* Products */;
			projectDirPath = "";
			projectRoot = "";
			targets = (
				84FA648B28310BCA00F10993 /* CleanNetworkExample */,
			);
		};
/* End PBXProject section */

/* Begin PBXResourcesBuildPhase section */
		84FA648A28310BCA00F10993 /* Resources */ = {
			isa = PBXResourcesBuildPhase;
			buildActionMask = 2147483647;
			files = (
				84FA649C28310BCA00F10993 /* LaunchScreen.storyboard in Resources */,
				84FA649928310BCA00F10993 /* Assets.xcassets in Resources */,
				84FA649728310BCA00F10993 /* Main.storyboard in Resources */,
				8460D03A2854C22300E4C939 /* PostTableViewCell.xib in Resources */,
			);
			runOnlyForDeploymentPostprocessing = 0;
		};
/* End PBXResourcesBuildPhase section */

/* Begin PBXSourcesBuildPhase section */
		84FA648828310BCA00F10993 /* Sources */ = {
			isa = PBXSourcesBuildPhase;
			buildActionMask = 2147483647;
			files = (
				84FA649428310BCA00F10993 /* MainViewController.swift in Sources */,
				8460D0342854BFDC00E4C939 /* PostsRequest.swift in Sources */,
				8450B5992854853E0018778F /* Closures.swift in Sources */,
				84A900382868D94500E3D6F1 /* APIError.swift in Sources */,
				8460D0392854C22300E4C939 /* PostTableViewCell.swift in Sources */,
				845ABA742871A86C00230200 /* CreatePostRequest.swift in Sources */,
				8450B590285482070018778F /* PostsViewController.swift in Sources */,
				84FA649028310BCA00F10993 /* AppDelegate.swift in Sources */,
				845ABA722871A81C00230200 /* CreatePostRequestBody.swift in Sources */,
				845ABA702871A5ED00230200 /* CreatePostViewController.swift in Sources */,
				8431B53D2854C560002056FC /* Post.swift in Sources */,
				8450B593285483340018778F /* UITableView+Loading.swift in Sources */,
				8450B596285484B60018778F /* AlertingController.swift in Sources */,
			);
			runOnlyForDeploymentPostprocessing = 0;
		};
/* End PBXSourcesBuildPhase section */

/* Begin PBXVariantGroup section */
		84FA649528310BCA00F10993 /* Main.storyboard */ = {
			isa = PBXVariantGroup;
			children = (
				84FA649628310BCA00F10993 /* Base */,
			);
			name = Main.storyboard;
			sourceTree = "<group>";
		};
		84FA649A28310BCA00F10993 /* LaunchScreen.storyboard */ = {
			isa = PBXVariantGroup;
			children = (
				84FA649B28310BCA00F10993 /* Base */,
			);
			name = LaunchScreen.storyboard;
			sourceTree = "<group>";
		};
/* End PBXVariantGroup section */

/* Begin XCBuildConfiguration section */
		84FA649E28310BCA00F10993 /* Debug */ = {
			isa = XCBuildConfiguration;
			buildSettings = {
				ALWAYS_SEARCH_USER_PATHS = NO;
				CLANG_ANALYZER_NONNULL = YES;
				CLANG_ANALYZER_NUMBER_OBJECT_CONVERSION = YES_AGGRESSIVE;
				CLANG_CXX_LANGUAGE_STANDARD = "gnu++17";
				CLANG_ENABLE_MODULES = YES;
				CLANG_ENABLE_OBJC_ARC = YES;
				CLANG_ENABLE_OBJC_WEAK = YES;
				CLANG_WARN_BLOCK_CAPTURE_AUTORELEASING = YES;
				CLANG_WARN_BOOL_CONVERSION = YES;
				CLANG_WARN_COMMA = YES;
				CLANG_WARN_CONSTANT_CONVERSION = YES;
				CLANG_WARN_DEPRECATED_OBJC_IMPLEMENTATIONS = YES;
				CLANG_WARN_DIRECT_OBJC_ISA_USAGE = YES_ERROR;
				CLANG_WARN_DOCUMENTATION_COMMENTS = YES;
				CLANG_WARN_EMPTY_BODY = YES;
				CLANG_WARN_ENUM_CONVERSION = YES;
				CLANG_WARN_INFINITE_RECURSION = YES;
				CLANG_WARN_INT_CONVERSION = YES;
				CLANG_WARN_NON_LITERAL_NULL_CONVERSION = YES;
				CLANG_WARN_OBJC_IMPLICIT_RETAIN_SELF = YES;
				CLANG_WARN_OBJC_LITERAL_CONVERSION = YES;
				CLANG_WARN_OBJC_ROOT_CLASS = YES_ERROR;
				CLANG_WARN_QUOTED_INCLUDE_IN_FRAMEWORK_HEADER = YES;
				CLANG_WARN_RANGE_LOOP_ANALYSIS = YES;
				CLANG_WARN_STRICT_PROTOTYPES = YES;
				CLANG_WARN_SUSPICIOUS_MOVE = YES;
				CLANG_WARN_UNGUARDED_AVAILABILITY = YES_AGGRESSIVE;
				CLANG_WARN_UNREACHABLE_CODE = YES;
				CLANG_WARN__DUPLICATE_METHOD_MATCH = YES;
				COPY_PHASE_STRIP = NO;
				DEBUG_INFORMATION_FORMAT = dwarf;
				ENABLE_STRICT_OBJC_MSGSEND = YES;
				ENABLE_TESTABILITY = YES;
				GCC_C_LANGUAGE_STANDARD = gnu11;
				GCC_DYNAMIC_NO_PIC = NO;
				GCC_NO_COMMON_BLOCKS = YES;
				GCC_OPTIMIZATION_LEVEL = 0;
				GCC_PREPROCESSOR_DEFINITIONS = (
					"DEBUG=1",
					"$(inherited)",
				);
				GCC_WARN_64_TO_32_BIT_CONVERSION = YES;
				GCC_WARN_ABOUT_RETURN_TYPE = YES_ERROR;
				GCC_WARN_UNDECLARED_SELECTOR = YES;
				GCC_WARN_UNINITIALIZED_AUTOS = YES_AGGRESSIVE;
				GCC_WARN_UNUSED_FUNCTION = YES;
				GCC_WARN_UNUSED_VARIABLE = YES;
				IPHONEOS_DEPLOYMENT_TARGET = 13.0;
				MTL_ENABLE_DEBUG_INFO = INCLUDE_SOURCE;
				MTL_FAST_MATH = YES;
				ONLY_ACTIVE_ARCH = YES;
				SDKROOT = iphoneos;
				SWIFT_ACTIVE_COMPILATION_CONDITIONS = DEBUG;
				SWIFT_OPTIMIZATION_LEVEL = "-Onone";
			};
			name = Debug;
		};
		84FA649F28310BCA00F10993 /* Release */ = {
			isa = XCBuildConfiguration;
			buildSettings = {
				ALWAYS_SEARCH_USER_PATHS = NO;
				CLANG_ANALYZER_NONNULL = YES;
				CLANG_ANALYZER_NUMBER_OBJECT_CONVERSION = YES_AGGRESSIVE;
				CLANG_CXX_LANGUAGE_STANDARD = "gnu++17";
				CLANG_ENABLE_MODULES = YES;
				CLANG_ENABLE_OBJC_ARC = YES;
				CLANG_ENABLE_OBJC_WEAK = YES;
				CLANG_WARN_BLOCK_CAPTURE_AUTORELEASING = YES;
				CLANG_WARN_BOOL_CONVERSION = YES;
				CLANG_WARN_COMMA = YES;
				CLANG_WARN_CONSTANT_CONVERSION = YES;
				CLANG_WARN_DEPRECATED_OBJC_IMPLEMENTATIONS = YES;
				CLANG_WARN_DIRECT_OBJC_ISA_USAGE = YES_ERROR;
				CLANG_WARN_DOCUMENTATION_COMMENTS = YES;
				CLANG_WARN_EMPTY_BODY = YES;
				CLANG_WARN_ENUM_CONVERSION = YES;
				CLANG_WARN_INFINITE_RECURSION = YES;
				CLANG_WARN_INT_CONVERSION = YES;
				CLANG_WARN_NON_LITERAL_NULL_CONVERSION = YES;
				CLANG_WARN_OBJC_IMPLICIT_RETAIN_SELF = YES;
				CLANG_WARN_OBJC_LITERAL_CONVERSION = YES;
				CLANG_WARN_OBJC_ROOT_CLASS = YES_ERROR;
				CLANG_WARN_QUOTED_INCLUDE_IN_FRAMEWORK_HEADER = YES;
				CLANG_WARN_RANGE_LOOP_ANALYSIS = YES;
				CLANG_WARN_STRICT_PROTOTYPES = YES;
				CLANG_WARN_SUSPICIOUS_MOVE = YES;
				CLANG_WARN_UNGUARDED_AVAILABILITY = YES_AGGRESSIVE;
				CLANG_WARN_UNREACHABLE_CODE = YES;
				CLANG_WARN__DUPLICATE_METHOD_MATCH = YES;
				COPY_PHASE_STRIP = NO;
				DEBUG_INFORMATION_FORMAT = "dwarf-with-dsym";
				ENABLE_NS_ASSERTIONS = NO;
				ENABLE_STRICT_OBJC_MSGSEND = YES;
				GCC_C_LANGUAGE_STANDARD = gnu11;
				GCC_NO_COMMON_BLOCKS = YES;
				GCC_WARN_64_TO_32_BIT_CONVERSION = YES;
				GCC_WARN_ABOUT_RETURN_TYPE = YES_ERROR;
				GCC_WARN_UNDECLARED_SELECTOR = YES;
				GCC_WARN_UNINITIALIZED_AUTOS = YES_AGGRESSIVE;
				GCC_WARN_UNUSED_FUNCTION = YES;
				GCC_WARN_UNUSED_VARIABLE = YES;
				IPHONEOS_DEPLOYMENT_TARGET = 13.0;
				MTL_ENABLE_DEBUG_INFO = NO;
				MTL_FAST_MATH = YES;
				SDKROOT = iphoneos;
				SWIFT_COMPILATION_MODE = wholemodule;
				SWIFT_OPTIMIZATION_LEVEL = "-O";
				VALIDATE_PRODUCT = YES;
			};
			name = Release;
		};
		84FA64A128310BCA00F10993 /* Debug */ = {
			isa = XCBuildConfiguration;
			buildSettings = {
				ASSETCATALOG_COMPILER_APPICON_NAME = AppIcon;
				ASSETCATALOG_COMPILER_GLOBAL_ACCENT_COLOR_NAME = AccentColor;
				CODE_SIGN_STYLE = Automatic;
				CURRENT_PROJECT_VERSION = 1;
				DEVELOPMENT_TEAM = MTMVBPSRA5;
				GENERATE_INFOPLIST_FILE = YES;
				INFOPLIST_FILE = CleanNetworkExample/Info.plist;
				INFOPLIST_KEY_UIApplicationSupportsIndirectInputEvents = YES;
				INFOPLIST_KEY_UILaunchStoryboardName = LaunchScreen;
				INFOPLIST_KEY_UIMainStoryboardFile = Main;
				INFOPLIST_KEY_UISupportedInterfaceOrientations_iPad = "UIInterfaceOrientationPortrait UIInterfaceOrientationPortraitUpsideDown UIInterfaceOrientationLandscapeLeft UIInterfaceOrientationLandscapeRight";
				INFOPLIST_KEY_UISupportedInterfaceOrientations_iPhone = "UIInterfaceOrientationPortrait UIInterfaceOrientationLandscapeLeft UIInterfaceOrientationLandscapeRight";
				IPHONEOS_DEPLOYMENT_TARGET = 13.0;
				LD_RUNPATH_SEARCH_PATHS = (
					"$(inherited)",
					"@executable_path/Frameworks",
				);
				MARKETING_VERSION = 1.0;
				PRODUCT_BUNDLE_IDENTIFIER = com.alperenunal.CleanNetworkExample;
				PRODUCT_NAME = "$(TARGET_NAME)";
				SWIFT_EMIT_LOC_STRINGS = YES;
				SWIFT_VERSION = 5.0;
				TARGETED_DEVICE_FAMILY = "1,2";
			};
			name = Debug;
		};
		84FA64A228310BCA00F10993 /* Release */ = {
			isa = XCBuildConfiguration;
			buildSettings = {
				ASSETCATALOG_COMPILER_APPICON_NAME = AppIcon;
				ASSETCATALOG_COMPILER_GLOBAL_ACCENT_COLOR_NAME = AccentColor;
				CODE_SIGN_STYLE = Automatic;
				CURRENT_PROJECT_VERSION = 1;
				DEVELOPMENT_TEAM = MTMVBPSRA5;
				GENERATE_INFOPLIST_FILE = YES;
				INFOPLIST_FILE = CleanNetworkExample/Info.plist;
				INFOPLIST_KEY_UIApplicationSupportsIndirectInputEvents = YES;
				INFOPLIST_KEY_UILaunchStoryboardName = LaunchScreen;
				INFOPLIST_KEY_UIMainStoryboardFile = Main;
				INFOPLIST_KEY_UISupportedInterfaceOrientations_iPad = "UIInterfaceOrientationPortrait UIInterfaceOrientationPortraitUpsideDown UIInterfaceOrientationLandscapeLeft UIInterfaceOrientationLandscapeRight";
				INFOPLIST_KEY_UISupportedInterfaceOrientations_iPhone = "UIInterfaceOrientationPortrait UIInterfaceOrientationLandscapeLeft UIInterfaceOrientationLandscapeRight";
				IPHONEOS_DEPLOYMENT_TARGET = 13.0;
				LD_RUNPATH_SEARCH_PATHS = (
					"$(inherited)",
					"@executable_path/Frameworks",
				);
				MARKETING_VERSION = 1.0;
				PRODUCT_BUNDLE_IDENTIFIER = com.alperenunal.CleanNetworkExample;
				PRODUCT_NAME = "$(TARGET_NAME)";
				SWIFT_EMIT_LOC_STRINGS = YES;
				SWIFT_VERSION = 5.0;
				TARGETED_DEVICE_FAMILY = "1,2";
			};
			name = Release;
		};
/* End XCBuildConfiguration section */

/* Begin XCConfigurationList section */
		84FA648728310BCA00F10993 /* Build configuration list for PBXProject "CleanNetworkExample" */ = {
			isa = XCConfigurationList;
			buildConfigurations = (
				84FA649E28310BCA00F10993 /* Debug */,
				84FA649F28310BCA00F10993 /* Release */,
			);
			defaultConfigurationIsVisible = 0;
			defaultConfigurationName = Release;
		};
		84FA64A028310BCA00F10993 /* Build configuration list for PBXNativeTarget "CleanNetworkExample" */ = {
			isa = XCConfigurationList;
			buildConfigurations = (
				84FA64A128310BCA00F10993 /* Debug */,
				84FA64A228310BCA00F10993 /* Release */,
			);
			defaultConfigurationIsVisible = 0;
			defaultConfigurationName = Release;
		};
/* End XCConfigurationList section */

/* Begin XCRemoteSwiftPackageReference section */
		84462D9528539F7100A22ECD /* XCRemoteSwiftPackageReference "CleanNetwork" */ = {
			isa = XCRemoteSwiftPackageReference;
			repositoryURL = "https://github.com/alperen23230/CleanNetwork";
			requirement = {
				branch = main;
				kind = branch;
			};
		};
/* End XCRemoteSwiftPackageReference section */

/* Begin XCSwiftPackageProductDependency section */
		84462D9628539F7100A22ECD /* CleanNetwork */ = {
			isa = XCSwiftPackageProductDependency;
			package = 84462D9528539F7100A22ECD /* XCRemoteSwiftPackageReference "CleanNetwork" */;
			productName = CleanNetwork;
		};
/* End XCSwiftPackageProductDependency section */
	};
	rootObject = 84FA648428310BCA00F10993 /* Project object */;
}
